
Microsoft Visual Studio Solution File, Format Version 12.00
# Visual Studio 14
VisualStudioVersion = 14.0.23107.0
MinimumVisualStudioVersion = 10.0.40219.1
Project("{2150E333-8FDC-42A3-9474-1A3956D46DE8}") = "Chapter 1. Traditional Concurrency", "Chapter 1. Traditional Concurrency", "{35382D8D-C3B7-4545-B5FE-A7CC0D18561B}"
EndProject
Project("{FAE04EC0-301F-11D3-BF4B-00C04F79EFBC}") = "RWLocks", "Chapter1\RWLocks\RWLocks.csproj", "{CC880E6A-03A7-4418-B85F-F9912EB5EB7E}"
EndProject
Project("{FAE04EC0-301F-11D3-BF4B-00C04F79EFBC}") = "OptStrat", "Chapter1\OptStrat\OptStrat.csproj", "{B1B1D587-ADFC-4333-834D-703D7E35E32F}"
EndProject
Project("{FAE04EC0-301F-11D3-BF4B-00C04F79EFBC}") = "Spinlock", "Chapter1\Spinlock\Spinlock.csproj", "{CDA5FBFD-C988-4EB8-AD6B-0B6B90D26A14}"
EndProject
Project("{FAE04EC0-301F-11D3-BF4B-00C04F79EFBC}") = "RaceCondition", "Chapter1\RaceCondition\RaceCondition.csproj", "{244D24DF-9E18-4204-AC48-34E5FACD7079}"
EndProject
Project("{FAE04EC0-301F-11D3-BF4B-00C04F79EFBC}") = "Deadlock", "Chapter1\Deadlock\Deadlock.csproj", "{760EC149-BF44-4341-9DA9-14A72FF32857}"
EndProject
Project("{FAE04EC0-301F-11D3-BF4B-00C04F79EFBC}") = "Monitor", "Chapter1\Monitor\Monitor.csproj", "{72D057A0-4780-4218-96BE-1FD09D62F699}"
EndProject
Project("{FAE04EC0-301F-11D3-BF4B-00C04F79EFBC}") = "LockTimeout", "Chapter1\LockTimeout\LockTimeout.csproj", "{42430700-45CC-4BAE-BFC1-49D192442B89}"
EndProject
Project("{2150E333-8FDC-42A3-9474-1A3956D46DE8}") = "Chapter 2. Lock free", "Chapter 2. Lock free", "{7B902844-16AD-4F68-A905-8F1467155B77}"
EndProject
Project("{FAE04EC0-301F-11D3-BF4B-00C04F79EFBC}") = "InterlockedInc", "Chapter2\InterlockedInc\InterlockedInc.csproj", "{FB7A038B-DF3D-454A-9DBB-0B5EDE35088A}"
EndProject
Project("{FAE04EC0-301F-11D3-BF4B-00C04F79EFBC}") = "LockFreeStack", "Chapter2\LockFreeStack\LockFreeStack.csproj", "{BFE29E31-94AB-4FFD-94E6-E5169FC15A47}"
EndProject
Project("{FAE04EC0-301F-11D3-BF4B-00C04F79EFBC}") = "LockFreeQueue", "Chapter2\ConQueue\LockFreeQueue.csproj", "{C3BE7AE5-879B-440C-97F8-000F22ACE63B}"
EndProject
Project("{2150E333-8FDC-42A3-9474-1A3956D46DE8}") = "Chapter 3. Granularity", "Chapter 3. Granularity", "{F8155127-0ED1-432C-AD48-3F9B3B8193C8}"
EndProject
Project("{FAE04EC0-301F-11D3-BF4B-00C04F79EFBC}") = "MaxThreads", "Chapter3\MaxThreads\MaxThreads.csproj", "{2D24E192-9190-4092-8229-CAF0525D87C4}"
EndProject
Project("{FAE04EC0-301F-11D3-BF4B-00C04F79EFBC}") = "RayTracing", "Chapter3\VaryByThreadCount\RayTracing.csproj", "{7905ACCC-C454-4E70-B9FA-1715E88C15C5}"
EndProject
Project("{FAE04EC0-301F-11D3-BF4B-00C04F79EFBC}") = "Granularity", "Chapter3\Granularity\Granularity.csproj", "{95029221-D5D9-4D2C-AD10-28199E1D6992}"
EndProject
Project("{FAE04EC0-301F-11D3-BF4B-00C04F79EFBC}") = "ThreadPoolLimit", "Chapter3\ThreadPoolLimit\ThreadPoolLimit.csproj", "{6A556306-8321-434A-807D-5F02B02DC866}"
EndProject
Project("{FAE04EC0-301F-11D3-BF4B-00C04F79EFBC}") = "MemoryModel", "Chapter2\MemoryModel\MemoryModel.csproj", "{B639072C-6A7A-464B-B244-9122B2E578F9}"
EndProject
Project("{2150E333-8FDC-42A3-9474-1A3956D46DE8}") = "Chapter 4. Task Parallel Library", "Chapter 4. Task Parallel Library", "{E7258E8F-8DF4-48D4-B5E7-98D3C9BD8AAD}"
EndProject
Project("{FAE04EC0-301F-11D3-BF4B-00C04F79EFBC}") = "TaskDeps", "Chapter4\TaskDeps\TaskDeps.csproj", "{57BEEA3C-4164-4C8D-BC42-C26E2823EA87}"
EndProject
Project("{FAE04EC0-301F-11D3-BF4B-00C04F79EFBC}") = "Latency", "Chapter4\Latency\Latency.csproj", "{6BCC32B4-2950-4BF7-A731-1A55BA1CF0CC}"
EndProject
Project("{FAE04EC0-301F-11D3-BF4B-00C04F79EFBC}") = "ParentChild", "Chapter4\ParentChild\ParentChild.csproj", "{F4BB28B7-3D7D-4E7D-81B4-E43D551F790C}"
EndProject
Project("{FAE04EC0-301F-11D3-BF4B-00C04F79EFBC}") = "Cancellation", "Chapter4\Cancellation\Cancellation.csproj", "{D7A42D0C-EDDB-44F2-B03F-481BC19EBDDA}"
EndProject
Project("{FAE04EC0-301F-11D3-BF4B-00C04F79EFBC}") = "Exceptions", "Chapter4\Exceptions\Exceptions.csproj", "{48BFD62D-7401-4897-B2E2-C41A3BD6458D}"
EndProject
Project("{FAE04EC0-301F-11D3-BF4B-00C04F79EFBC}") = "ParallelClass", "Chapter4\ParallelClass\ParallelClass.csproj", "{D7F069E6-16E6-4988-8196-DB2D1895A825}"
EndProject
Project("{2150E333-8FDC-42A3-9474-1A3956D46DE8}") = "Chapter 5. Async-await", "Chapter 5. Async-await", "{FF6DAED1-6BD9-4001-AD5F-8C209F02A571}"
EndProject
Project("{FAE04EC0-301F-11D3-BF4B-00C04F79EFBC}") = "BingWallpaper", "Chapter5\BingWallpaper\BingWallpaper.csproj", "{47A06C1D-FC62-4C31-AB63-43F90064DD27}"
EndProject
Project("{FAE04EC0-301F-11D3-BF4B-00C04F79EFBC}") = "TaskSchedulers", "Chapter4\TaskSchedulers\TaskSchedulers.csproj", "{A2BA0290-9A0D-4B05-A6C3-D2F3E8D5796B}"
EndProject
Project("{FAE04EC0-301F-11D3-BF4B-00C04F79EFBC}") = "CustomAwaitable", "Chapter5\CustomAwaitable\CustomAwaitable.csproj", "{5D33F108-649D-4509-98D0-26097E11EBC1}"
EndProject
Project("{2150E333-8FDC-42A3-9474-1A3956D46DE8}") = "Chapter 8. Server side asynchrony", "Chapter 8. Server side asynchrony", "{ED32AD91-EEFE-4C0E-9408-B08564C3101C}"
EndProject
Project("{FAE04EC0-301F-11D3-BF4B-00C04F79EFBC}") = "BindHandle", "Chapter8\BindHandle\BindHandle.csproj", "{F9BB00B3-6C3D-42CF-B482-13A1F7F7BF33}"
EndProject
Project("{FAE04EC0-301F-11D3-BF4B-00C04F79EFBC}") = "AsyncFileIO", "Chapter8\AsyncFileIO\AsyncFileIO.csproj", "{2986BD41-86EE-4E79-A3CC-2C256CD6054C}"
EndProject
Project("{FAE04EC0-301F-11D3-BF4B-00C04F79EFBC}") = "AsyncServer", "Chapter8\AsyncServer\AsyncServer.csproj", "{F61CD221-1D0C-4BA1-B13F-00DE83B12441}"
EndProject
Project("{FAE04EC0-301F-11D3-BF4B-00C04F79EFBC}") = "AsyncServerTests", "Chapter8\AsyncServerTests\AsyncServerTests.csproj", "{5C36B7FC-BB77-457A-A5BF-6125F5F5289E}"
EndProject
Project("{2150E333-8FDC-42A3-9474-1A3956D46DE8}") = "Solution Items", "Solution Items", "{83AE930D-9CFC-489D-A179-DE6FA31F2182}"
	ProjectSection(SolutionItems) = preProject
		Local.testsettings = Local.testsettings
		Performance2.psess = Performance2.psess
	EndProjectSection
EndProject
Project("{FAE04EC0-301F-11D3-BF4B-00C04F79EFBC}") = "IISSynchronizationContext", "Chapter8\IISSynchronizationContext\IISSynchronizationContext.csproj", "{024E5864-05F5-4AC4-A3ED-8BD03A10EC89}"
EndProject
Project("{FAE04EC0-301F-11D3-BF4B-00C04F79EFBC}") = "IOThreadsTest", "Chapter8\IOThreadsTest\IOThreadsTest.csproj", "{C164C6BC-2133-433F-ACFA-44466B7730D7}"
EndProject
Project("{2150E333-8FDC-42A3-9474-1A3956D46DE8}") = "Chapter 6. Data structures", "Chapter 6. Data structures", "{39D4C621-6910-4F5D-8DD0-D74716A19917}"
EndProject
Project("{2150E333-8FDC-42A3-9474-1A3956D46DE8}") = "Chapter 10. Troubleshooting", "Chapter 10. Troubleshooting", "{48B78B40-760E-4D1B-8D37-0BFF11F0B968}"
EndProject
Project("{FAE04EC0-301F-11D3-BF4B-00C04F79EFBC}") = "AsyncCodeToTest", "Chapter10\AsyncCodeToTest\AsyncCodeToTest.csproj", "{926AFF3D-323B-4741-9C1A-BDD4696E4CDB}"
EndProject
Project("{FAE04EC0-301F-11D3-BF4B-00C04F79EFBC}") = "AsyncUnitTests", "Chapter10\AsyncUnitTests\AsyncUnitTests.csproj", "{0D485571-3BA4-41BF-B820-DDD47814A151}"
EndProject
Project("{FAE04EC0-301F-11D3-BF4B-00C04F79EFBC}") = "AsyncServer", "Chapter10\AsyncServer\AsyncServer.csproj", "{817904D9-9789-4E13-8270-0B414FB7B179}"
EndProject
Project("{FAE04EC0-301F-11D3-BF4B-00C04F79EFBC}") = "AsyncDebugStack", "Chapter10\AsyncDebugStack\AsyncDebugStack.csproj", "{AB4C9D21-B0C3-4D88-93A5-8F7BE26CFD99}"
EndProject
Project("{FAE04EC0-301F-11D3-BF4B-00C04F79EFBC}") = "AsyncDebugDeadlock", "Chapter10\AsyncDebugDeadlock\AsyncDebugDeadlock.csproj", "{986E8714-7A8B-4CBF-B0A1-18D13F0A9EA6}"
EndProject
Project("{FAE04EC0-301F-11D3-BF4B-00C04F79EFBC}") = "AsyncDebugParallelStacks", "Chapter10\AsyncDebugParallelStacks\AsyncDebugParallelStacks.csproj", "{DD833C94-2D9C-42BB-9160-46C092E88BA5}"
EndProject
Project("{2150E333-8FDC-42A3-9474-1A3956D46DE8}") = "Chapter 9. Concurrency in the UI", "Chapter 9. Concurrency in the UI", "{494299C7-443D-46C4-BF60-FB00D15C83DB}"
EndProject
Project("{8BC9CEB8-8B4A-11D0-8D11-00A0C91BC942}") = "WinAPI", "Chapter9\WinAPI\WinAPI.vcxproj", "{03C380DB-251E-4C7A-A589-845B330BF142}"
EndProject
Project("{FAE04EC0-301F-11D3-BF4B-00C04F79EFBC}") = "AsyncInUI", "Chapter9\AsyncInUI\AsyncInUI.csproj", "{7D3A1831-3165-4FA8-9FD3-CEA558061983}"
EndProject
Project("{FAE04EC0-301F-11D3-BF4B-00C04F79EFBC}") = "ContextsAndConfigureAwait", "Chapter9\ContextsAndConfigureAwait\ContextsAndConfigureAwait.csproj", "{CFA2C9DA-59FB-4B20-AA00-74204AFE5C92}"
EndProject
Project("{FAE04EC0-301F-11D3-BF4B-00C04F79EFBC}") = "UIPerformance", "Chapter9\UIPerformance\UIPerformance.csproj", "{6AED47D7-4573-4A53-A150-3D34987BFFD3}"
EndProject
Project("{2150E333-8FDC-42A3-9474-1A3956D46DE8}") = "Chapter 7. Patterns", "Chapter 7. Patterns", "{12672583-D926-46CB-9BD0-DB056CAB812C}"
EndProject
Project("{FAE04EC0-301F-11D3-BF4B-00C04F79EFBC}") = "Patterns", "Chapter7\Patterns.csproj", "{53F3A33D-B688-40A7-96BB-B42DBDA618CF}"
EndProject
Project("{FAE04EC0-301F-11D3-BF4B-00C04F79EFBC}") = "ParallelPipeline", "Chapter7\ParallelPipeline\ParallelPipeline.csproj", "{C030682F-96B4-4849-8061-CBC40A08BDBD}"
EndProject
Project("{FAE04EC0-301F-11D3-BF4B-00C04F79EFBC}") = "Chapter6.Benchmarks", "Chapter6\Chapter6.Benchmarks\Chapter6.Benchmarks.csproj", "{DE529C21-06B3-4CF8-AD2E-E5A190B0FA3D}"
EndProject
Project("{FAE04EC0-301F-11D3-BF4B-00C04F79EFBC}") = "Chapter6.Samples", "Chapter6\Chapter6.Samples\Chapter6.Samples.csproj", "{A25C1D13-6B9C-4324-9A22-F54B7BF48B86}"
EndProject
Global
	GlobalSection(SolutionConfigurationPlatforms) = preSolution
		Debug|Any CPU = Debug|Any CPU
		Debug|x86 = Debug|x86
		Release|Any CPU = Release|Any CPU
		Release|x86 = Release|x86
	EndGlobalSection
	GlobalSection(ProjectConfigurationPlatforms) = postSolution
		{CC880E6A-03A7-4418-B85F-F9912EB5EB7E}.Debug|Any CPU.ActiveCfg = Debug|Any CPU
		{CC880E6A-03A7-4418-B85F-F9912EB5EB7E}.Debug|Any CPU.Build.0 = Debug|Any CPU
		{CC880E6A-03A7-4418-B85F-F9912EB5EB7E}.Debug|x86.ActiveCfg = Debug|Any CPU
		{CC880E6A-03A7-4418-B85F-F9912EB5EB7E}.Release|Any CPU.ActiveCfg = Release|Any CPU
		{CC880E6A-03A7-4418-B85F-F9912EB5EB7E}.Release|Any CPU.Build.0 = Release|Any CPU
		{CC880E6A-03A7-4418-B85F-F9912EB5EB7E}.Release|x86.ActiveCfg = Release|Any CPU
		{B1B1D587-ADFC-4333-834D-703D7E35E32F}.Debug|Any CPU.ActiveCfg = Debug|Any CPU
		{B1B1D587-ADFC-4333-834D-703D7E35E32F}.Debug|Any CPU.Build.0 = Debug|Any CPU
		{B1B1D587-ADFC-4333-834D-703D7E35E32F}.Debug|x86.ActiveCfg = Debug|Any CPU
		{B1B1D587-ADFC-4333-834D-703D7E35E32F}.Release|Any CPU.ActiveCfg = Release|Any CPU
		{B1B1D587-ADFC-4333-834D-703D7E35E32F}.Release|Any CPU.Build.0 = Release|Any CPU
		{B1B1D587-ADFC-4333-834D-703D7E35E32F}.Release|x86.ActiveCfg = Release|Any CPU
		{CDA5FBFD-C988-4EB8-AD6B-0B6B90D26A14}.Debug|Any CPU.ActiveCfg = Debug|Any CPU
		{CDA5FBFD-C988-4EB8-AD6B-0B6B90D26A14}.Debug|Any CPU.Build.0 = Debug|Any CPU
		{CDA5FBFD-C988-4EB8-AD6B-0B6B90D26A14}.Debug|x86.ActiveCfg = Debug|Any CPU
		{CDA5FBFD-C988-4EB8-AD6B-0B6B90D26A14}.Release|Any CPU.ActiveCfg = Release|Any CPU
		{CDA5FBFD-C988-4EB8-AD6B-0B6B90D26A14}.Release|Any CPU.Build.0 = Release|Any CPU
		{CDA5FBFD-C988-4EB8-AD6B-0B6B90D26A14}.Release|x86.ActiveCfg = Release|Any CPU
		{244D24DF-9E18-4204-AC48-34E5FACD7079}.Debug|Any CPU.ActiveCfg = Debug|Any CPU
		{244D24DF-9E18-4204-AC48-34E5FACD7079}.Debug|Any CPU.Build.0 = Debug|Any CPU
		{244D24DF-9E18-4204-AC48-34E5FACD7079}.Debug|x86.ActiveCfg = Debug|Any CPU
		{244D24DF-9E18-4204-AC48-34E5FACD7079}.Release|Any CPU.ActiveCfg = Release|Any CPU
		{244D24DF-9E18-4204-AC48-34E5FACD7079}.Release|Any CPU.Build.0 = Release|Any CPU
		{244D24DF-9E18-4204-AC48-34E5FACD7079}.Release|x86.ActiveCfg = Release|Any CPU
		{760EC149-BF44-4341-9DA9-14A72FF32857}.Debug|Any CPU.ActiveCfg = Debug|Any CPU
		{760EC149-BF44-4341-9DA9-14A72FF32857}.Debug|Any CPU.Build.0 = Debug|Any CPU
		{760EC149-BF44-4341-9DA9-14A72FF32857}.Debug|x86.ActiveCfg = Debug|Any CPU
		{760EC149-BF44-4341-9DA9-14A72FF32857}.Release|Any CPU.ActiveCfg = Release|Any CPU
		{760EC149-BF44-4341-9DA9-14A72FF32857}.Release|Any CPU.Build.0 = Release|Any CPU
		{760EC149-BF44-4341-9DA9-14A72FF32857}.Release|x86.ActiveCfg = Release|Any CPU
		{72D057A0-4780-4218-96BE-1FD09D62F699}.Debug|Any CPU.ActiveCfg = Debug|Any CPU
		{72D057A0-4780-4218-96BE-1FD09D62F699}.Debug|Any CPU.Build.0 = Debug|Any CPU
		{72D057A0-4780-4218-96BE-1FD09D62F699}.Debug|x86.ActiveCfg = Debug|Any CPU
		{72D057A0-4780-4218-96BE-1FD09D62F699}.Release|Any CPU.ActiveCfg = Release|Any CPU
		{72D057A0-4780-4218-96BE-1FD09D62F699}.Release|Any CPU.Build.0 = Release|Any CPU
		{72D057A0-4780-4218-96BE-1FD09D62F699}.Release|x86.ActiveCfg = Release|Any CPU
		{42430700-45CC-4BAE-BFC1-49D192442B89}.Debug|Any CPU.ActiveCfg = Debug|Any CPU
		{42430700-45CC-4BAE-BFC1-49D192442B89}.Debug|Any CPU.Build.0 = Debug|Any CPU
		{42430700-45CC-4BAE-BFC1-49D192442B89}.Debug|x86.ActiveCfg = Debug|Any CPU
		{42430700-45CC-4BAE-BFC1-49D192442B89}.Release|Any CPU.ActiveCfg = Release|Any CPU
		{42430700-45CC-4BAE-BFC1-49D192442B89}.Release|Any CPU.Build.0 = Release|Any CPU
		{42430700-45CC-4BAE-BFC1-49D192442B89}.Release|x86.ActiveCfg = Release|Any CPU
		{FB7A038B-DF3D-454A-9DBB-0B5EDE35088A}.Debug|Any CPU.ActiveCfg = Debug|Any CPU
		{FB7A038B-DF3D-454A-9DBB-0B5EDE35088A}.Debug|Any CPU.Build.0 = Debug|Any CPU
		{FB7A038B-DF3D-454A-9DBB-0B5EDE35088A}.Debug|x86.ActiveCfg = Debug|Any CPU
		{FB7A038B-DF3D-454A-9DBB-0B5EDE35088A}.Release|Any CPU.ActiveCfg = Release|Any CPU
		{FB7A038B-DF3D-454A-9DBB-0B5EDE35088A}.Release|Any CPU.Build.0 = Release|Any CPU
		{FB7A038B-DF3D-454A-9DBB-0B5EDE35088A}.Release|x86.ActiveCfg = Release|Any CPU
		{BFE29E31-94AB-4FFD-94E6-E5169FC15A47}.Debug|Any CPU.ActiveCfg = Debug|Any CPU
		{BFE29E31-94AB-4FFD-94E6-E5169FC15A47}.Debug|Any CPU.Build.0 = Debug|Any CPU
		{BFE29E31-94AB-4FFD-94E6-E5169FC15A47}.Debug|x86.ActiveCfg = Debug|Any CPU
		{BFE29E31-94AB-4FFD-94E6-E5169FC15A47}.Release|Any CPU.ActiveCfg = Release|Any CPU
		{BFE29E31-94AB-4FFD-94E6-E5169FC15A47}.Release|Any CPU.Build.0 = Release|Any CPU
		{BFE29E31-94AB-4FFD-94E6-E5169FC15A47}.Release|x86.ActiveCfg = Release|Any CPU
		{C3BE7AE5-879B-440C-97F8-000F22ACE63B}.Debug|Any CPU.ActiveCfg = Debug|Any CPU
		{C3BE7AE5-879B-440C-97F8-000F22ACE63B}.Debug|Any CPU.Build.0 = Debug|Any CPU
		{C3BE7AE5-879B-440C-97F8-000F22ACE63B}.Debug|x86.ActiveCfg = Debug|Any CPU
		{C3BE7AE5-879B-440C-97F8-000F22ACE63B}.Release|Any CPU.ActiveCfg = Release|Any CPU
		{C3BE7AE5-879B-440C-97F8-000F22ACE63B}.Release|Any CPU.Build.0 = Release|Any CPU
		{C3BE7AE5-879B-440C-97F8-000F22ACE63B}.Release|x86.ActiveCfg = Release|Any CPU
		{2D24E192-9190-4092-8229-CAF0525D87C4}.Debug|Any CPU.ActiveCfg = Debug|Any CPU
		{2D24E192-9190-4092-8229-CAF0525D87C4}.Debug|Any CPU.Build.0 = Debug|Any CPU
		{2D24E192-9190-4092-8229-CAF0525D87C4}.Debug|x86.ActiveCfg = Debug|x86
		{2D24E192-9190-4092-8229-CAF0525D87C4}.Debug|x86.Build.0 = Debug|x86
		{2D24E192-9190-4092-8229-CAF0525D87C4}.Release|Any CPU.ActiveCfg = Release|Any CPU
		{2D24E192-9190-4092-8229-CAF0525D87C4}.Release|Any CPU.Build.0 = Release|Any CPU
		{2D24E192-9190-4092-8229-CAF0525D87C4}.Release|x86.ActiveCfg = Release|x86
		{2D24E192-9190-4092-8229-CAF0525D87C4}.Release|x86.Build.0 = Release|x86
		{7905ACCC-C454-4E70-B9FA-1715E88C15C5}.Debug|Any CPU.ActiveCfg = Debug|Any CPU
		{7905ACCC-C454-4E70-B9FA-1715E88C15C5}.Debug|Any CPU.Build.0 = Debug|Any CPU
		{7905ACCC-C454-4E70-B9FA-1715E88C15C5}.Debug|x86.ActiveCfg = Debug|Any CPU
		{7905ACCC-C454-4E70-B9FA-1715E88C15C5}.Release|Any CPU.ActiveCfg = Release|Any CPU
		{7905ACCC-C454-4E70-B9FA-1715E88C15C5}.Release|Any CPU.Build.0 = Release|Any CPU
		{7905ACCC-C454-4E70-B9FA-1715E88C15C5}.Release|x86.ActiveCfg = Release|Any CPU
		{95029221-D5D9-4D2C-AD10-28199E1D6992}.Debug|Any CPU.ActiveCfg = Debug|Any CPU
		{95029221-D5D9-4D2C-AD10-28199E1D6992}.Debug|Any CPU.Build.0 = Debug|Any CPU
		{95029221-D5D9-4D2C-AD10-28199E1D6992}.Debug|x86.ActiveCfg = Debug|Any CPU
		{95029221-D5D9-4D2C-AD10-28199E1D6992}.Release|Any CPU.ActiveCfg = Release|Any CPU
		{95029221-D5D9-4D2C-AD10-28199E1D6992}.Release|Any CPU.Build.0 = Release|Any CPU
		{95029221-D5D9-4D2C-AD10-28199E1D6992}.Release|x86.ActiveCfg = Release|Any CPU
		{6A556306-8321-434A-807D-5F02B02DC866}.Debug|Any CPU.ActiveCfg = Debug|Any CPU
		{6A556306-8321-434A-807D-5F02B02DC866}.Debug|Any CPU.Build.0 = Debug|Any CPU
		{6A556306-8321-434A-807D-5F02B02DC866}.Debug|x86.ActiveCfg = Debug|Any CPU
		{6A556306-8321-434A-807D-5F02B02DC866}.Release|Any CPU.ActiveCfg = Release|Any CPU
		{6A556306-8321-434A-807D-5F02B02DC866}.Release|Any CPU.Build.0 = Release|Any CPU
		{6A556306-8321-434A-807D-5F02B02DC866}.Release|x86.ActiveCfg = Release|Any CPU
		{B639072C-6A7A-464B-B244-9122B2E578F9}.Debug|Any CPU.ActiveCfg = Debug|Any CPU
		{B639072C-6A7A-464B-B244-9122B2E578F9}.Debug|Any CPU.Build.0 = Debug|Any CPU
		{B639072C-6A7A-464B-B244-9122B2E578F9}.Debug|x86.ActiveCfg = Debug|Any CPU
		{B639072C-6A7A-464B-B244-9122B2E578F9}.Release|Any CPU.ActiveCfg = Release|Any CPU
		{B639072C-6A7A-464B-B244-9122B2E578F9}.Release|Any CPU.Build.0 = Release|Any CPU
		{B639072C-6A7A-464B-B244-9122B2E578F9}.Release|x86.ActiveCfg = Release|Any CPU
		{57BEEA3C-4164-4C8D-BC42-C26E2823EA87}.Debug|Any CPU.ActiveCfg = Debug|Any CPU
		{57BEEA3C-4164-4C8D-BC42-C26E2823EA87}.Debug|Any CPU.Build.0 = Debug|Any CPU
		{57BEEA3C-4164-4C8D-BC42-C26E2823EA87}.Debug|x86.ActiveCfg = Debug|Any CPU
		{57BEEA3C-4164-4C8D-BC42-C26E2823EA87}.Release|Any CPU.ActiveCfg = Release|Any CPU
		{57BEEA3C-4164-4C8D-BC42-C26E2823EA87}.Release|Any CPU.Build.0 = Release|Any CPU
		{57BEEA3C-4164-4C8D-BC42-C26E2823EA87}.Release|x86.ActiveCfg = Release|Any CPU
		{6BCC32B4-2950-4BF7-A731-1A55BA1CF0CC}.Debug|Any CPU.ActiveCfg = Debug|Any CPU
		{6BCC32B4-2950-4BF7-A731-1A55BA1CF0CC}.Debug|Any CPU.Build.0 = Debug|Any CPU
		{6BCC32B4-2950-4BF7-A731-1A55BA1CF0CC}.Debug|x86.ActiveCfg = Debug|Any CPU
		{6BCC32B4-2950-4BF7-A731-1A55BA1CF0CC}.Release|Any CPU.ActiveCfg = Release|Any CPU
		{6BCC32B4-2950-4BF7-A731-1A55BA1CF0CC}.Release|Any CPU.Build.0 = Release|Any CPU
		{6BCC32B4-2950-4BF7-A731-1A55BA1CF0CC}.Release|x86.ActiveCfg = Release|Any CPU
		{F4BB28B7-3D7D-4E7D-81B4-E43D551F790C}.Debug|Any CPU.ActiveCfg = Debug|Any CPU
		{F4BB28B7-3D7D-4E7D-81B4-E43D551F790C}.Debug|Any CPU.Build.0 = Debug|Any CPU
		{F4BB28B7-3D7D-4E7D-81B4-E43D551F790C}.Debug|x86.ActiveCfg = Debug|Any CPU
		{F4BB28B7-3D7D-4E7D-81B4-E43D551F790C}.Release|Any CPU.ActiveCfg = Release|Any CPU
		{F4BB28B7-3D7D-4E7D-81B4-E43D551F790C}.Release|Any CPU.Build.0 = Release|Any CPU
		{F4BB28B7-3D7D-4E7D-81B4-E43D551F790C}.Release|x86.ActiveCfg = Release|Any CPU
		{D7A42D0C-EDDB-44F2-B03F-481BC19EBDDA}.Debug|Any CPU.ActiveCfg = Debug|Any CPU
		{D7A42D0C-EDDB-44F2-B03F-481BC19EBDDA}.Debug|Any CPU.Build.0 = Debug|Any CPU
		{D7A42D0C-EDDB-44F2-B03F-481BC19EBDDA}.Debug|x86.ActiveCfg = Debug|Any CPU
		{D7A42D0C-EDDB-44F2-B03F-481BC19EBDDA}.Release|Any CPU.ActiveCfg = Release|Any CPU
		{D7A42D0C-EDDB-44F2-B03F-481BC19EBDDA}.Release|Any CPU.Build.0 = Release|Any CPU
		{D7A42D0C-EDDB-44F2-B03F-481BC19EBDDA}.Release|x86.ActiveCfg = Release|Any CPU
		{48BFD62D-7401-4897-B2E2-C41A3BD6458D}.Debug|Any CPU.ActiveCfg = Debug|Any CPU
		{48BFD62D-7401-4897-B2E2-C41A3BD6458D}.Debug|Any CPU.Build.0 = Debug|Any CPU
		{48BFD62D-7401-4897-B2E2-C41A3BD6458D}.Debug|x86.ActiveCfg = Debug|Any CPU
		{48BFD62D-7401-4897-B2E2-C41A3BD6458D}.Release|Any CPU.ActiveCfg = Release|Any CPU
		{48BFD62D-7401-4897-B2E2-C41A3BD6458D}.Release|Any CPU.Build.0 = Release|Any CPU
		{48BFD62D-7401-4897-B2E2-C41A3BD6458D}.Release|x86.ActiveCfg = Release|Any CPU
		{D7F069E6-16E6-4988-8196-DB2D1895A825}.Debug|Any CPU.ActiveCfg = Debug|Any CPU
		{D7F069E6-16E6-4988-8196-DB2D1895A825}.Debug|Any CPU.Build.0 = Debug|Any CPU
		{D7F069E6-16E6-4988-8196-DB2D1895A825}.Debug|x86.ActiveCfg = Debug|Any CPU
		{D7F069E6-16E6-4988-8196-DB2D1895A825}.Release|Any CPU.ActiveCfg = Release|Any CPU
		{D7F069E6-16E6-4988-8196-DB2D1895A825}.Release|Any CPU.Build.0 = Release|Any CPU
		{D7F069E6-16E6-4988-8196-DB2D1895A825}.Release|x86.ActiveCfg = Release|Any CPU
		{47A06C1D-FC62-4C31-AB63-43F90064DD27}.Debug|Any CPU.ActiveCfg = Debug|Any CPU
		{47A06C1D-FC62-4C31-AB63-43F90064DD27}.Debug|Any CPU.Build.0 = Debug|Any CPU
		{47A06C1D-FC62-4C31-AB63-43F90064DD27}.Debug|x86.ActiveCfg = Debug|Any CPU
		{47A06C1D-FC62-4C31-AB63-43F90064DD27}.Release|Any CPU.ActiveCfg = Release|Any CPU
		{47A06C1D-FC62-4C31-AB63-43F90064DD27}.Release|Any CPU.Build.0 = Release|Any CPU
		{47A06C1D-FC62-4C31-AB63-43F90064DD27}.Release|x86.ActiveCfg = Release|Any CPU
		{A2BA0290-9A0D-4B05-A6C3-D2F3E8D5796B}.Debug|Any CPU.ActiveCfg = Debug|Any CPU
		{A2BA0290-9A0D-4B05-A6C3-D2F3E8D5796B}.Debug|Any CPU.Build.0 = Debug|Any CPU
		{A2BA0290-9A0D-4B05-A6C3-D2F3E8D5796B}.Debug|x86.ActiveCfg = Debug|Any CPU
		{A2BA0290-9A0D-4B05-A6C3-D2F3E8D5796B}.Release|Any CPU.ActiveCfg = Release|Any CPU
		{A2BA0290-9A0D-4B05-A6C3-D2F3E8D5796B}.Release|Any CPU.Build.0 = Release|Any CPU
		{A2BA0290-9A0D-4B05-A6C3-D2F3E8D5796B}.Release|x86.ActiveCfg = Release|Any CPU
		{5D33F108-649D-4509-98D0-26097E11EBC1}.Debug|Any CPU.ActiveCfg = Debug|Any CPU
		{5D33F108-649D-4509-98D0-26097E11EBC1}.Debug|Any CPU.Build.0 = Debug|Any CPU
		{5D33F108-649D-4509-98D0-26097E11EBC1}.Debug|x86.ActiveCfg = Debug|Any CPU
		{5D33F108-649D-4509-98D0-26097E11EBC1}.Release|Any CPU.ActiveCfg = Release|Any CPU
		{5D33F108-649D-4509-98D0-26097E11EBC1}.Release|Any CPU.Build.0 = Release|Any CPU
		{5D33F108-649D-4509-98D0-26097E11EBC1}.Release|x86.ActiveCfg = Release|Any CPU
		{F9BB00B3-6C3D-42CF-B482-13A1F7F7BF33}.Debug|Any CPU.ActiveCfg = Debug|Any CPU
		{F9BB00B3-6C3D-42CF-B482-13A1F7F7BF33}.Debug|Any CPU.Build.0 = Debug|Any CPU
		{F9BB00B3-6C3D-42CF-B482-13A1F7F7BF33}.Debug|x86.ActiveCfg = Debug|Any CPU
		{F9BB00B3-6C3D-42CF-B482-13A1F7F7BF33}.Release|Any CPU.ActiveCfg = Release|Any CPU
		{F9BB00B3-6C3D-42CF-B482-13A1F7F7BF33}.Release|Any CPU.Build.0 = Release|Any CPU
		{F9BB00B3-6C3D-42CF-B482-13A1F7F7BF33}.Release|x86.ActiveCfg = Release|Any CPU
		{2986BD41-86EE-4E79-A3CC-2C256CD6054C}.Debug|Any CPU.ActiveCfg = Debug|Any CPU
		{2986BD41-86EE-4E79-A3CC-2C256CD6054C}.Debug|Any CPU.Build.0 = Debug|Any CPU
		{2986BD41-86EE-4E79-A3CC-2C256CD6054C}.Debug|x86.ActiveCfg = Debug|Any CPU
		{2986BD41-86EE-4E79-A3CC-2C256CD6054C}.Release|Any CPU.ActiveCfg = Release|Any CPU
		{2986BD41-86EE-4E79-A3CC-2C256CD6054C}.Release|Any CPU.Build.0 = Release|Any CPU
		{2986BD41-86EE-4E79-A3CC-2C256CD6054C}.Release|x86.ActiveCfg = Release|Any CPU
		{F61CD221-1D0C-4BA1-B13F-00DE83B12441}.Debug|Any CPU.ActiveCfg = Debug|Any CPU
		{F61CD221-1D0C-4BA1-B13F-00DE83B12441}.Debug|Any CPU.Build.0 = Debug|Any CPU
		{F61CD221-1D0C-4BA1-B13F-00DE83B12441}.Debug|x86.ActiveCfg = Debug|Any CPU
		{F61CD221-1D0C-4BA1-B13F-00DE83B12441}.Release|Any CPU.ActiveCfg = Release|Any CPU
		{F61CD221-1D0C-4BA1-B13F-00DE83B12441}.Release|Any CPU.Build.0 = Release|Any CPU
		{F61CD221-1D0C-4BA1-B13F-00DE83B12441}.Release|x86.ActiveCfg = Release|Any CPU
		{5C36B7FC-BB77-457A-A5BF-6125F5F5289E}.Debug|Any CPU.ActiveCfg = Debug|Any CPU
		{5C36B7FC-BB77-457A-A5BF-6125F5F5289E}.Debug|Any CPU.Build.0 = Debug|Any CPU
		{5C36B7FC-BB77-457A-A5BF-6125F5F5289E}.Debug|x86.ActiveCfg = Debug|Any CPU
		{5C36B7FC-BB77-457A-A5BF-6125F5F5289E}.Release|Any CPU.ActiveCfg = Release|Any CPU
		{5C36B7FC-BB77-457A-A5BF-6125F5F5289E}.Release|Any CPU.Build.0 = Release|Any CPU
		{5C36B7FC-BB77-457A-A5BF-6125F5F5289E}.Release|x86.ActiveCfg = Release|Any CPU
		{024E5864-05F5-4AC4-A3ED-8BD03A10EC89}.Debug|Any CPU.ActiveCfg = Debug|Any CPU
		{024E5864-05F5-4AC4-A3ED-8BD03A10EC89}.Debug|Any CPU.Build.0 = Debug|Any CPU
		{024E5864-05F5-4AC4-A3ED-8BD03A10EC89}.Debug|x86.ActiveCfg = Debug|Any CPU
		{024E5864-05F5-4AC4-A3ED-8BD03A10EC89}.Release|Any CPU.ActiveCfg = Release|Any CPU
		{024E5864-05F5-4AC4-A3ED-8BD03A10EC89}.Release|Any CPU.Build.0 = Release|Any CPU
		{024E5864-05F5-4AC4-A3ED-8BD03A10EC89}.Release|x86.ActiveCfg = Release|Any CPU
		{C164C6BC-2133-433F-ACFA-44466B7730D7}.Debug|Any CPU.ActiveCfg = Debug|Any CPU
		{C164C6BC-2133-433F-ACFA-44466B7730D7}.Debug|Any CPU.Build.0 = Debug|Any CPU
		{C164C6BC-2133-433F-ACFA-44466B7730D7}.Debug|x86.ActiveCfg = Debug|Any CPU
		{C164C6BC-2133-433F-ACFA-44466B7730D7}.Release|Any CPU.ActiveCfg = Release|Any CPU
		{C164C6BC-2133-433F-ACFA-44466B7730D7}.Release|Any CPU.Build.0 = Release|Any CPU
		{C164C6BC-2133-433F-ACFA-44466B7730D7}.Release|x86.ActiveCfg = Release|Any CPU
		{926AFF3D-323B-4741-9C1A-BDD4696E4CDB}.Debug|Any CPU.ActiveCfg = Debug|Any CPU
		{926AFF3D-323B-4741-9C1A-BDD4696E4CDB}.Debug|Any CPU.Build.0 = Debug|Any CPU
		{926AFF3D-323B-4741-9C1A-BDD4696E4CDB}.Debug|x86.ActiveCfg = Debug|Any CPU
		{926AFF3D-323B-4741-9C1A-BDD4696E4CDB}.Release|Any CPU.ActiveCfg = Release|Any CPU
		{926AFF3D-323B-4741-9C1A-BDD4696E4CDB}.Release|Any CPU.Build.0 = Release|Any CPU
		{926AFF3D-323B-4741-9C1A-BDD4696E4CDB}.Release|x86.ActiveCfg = Release|Any CPU
		{0D485571-3BA4-41BF-B820-DDD47814A151}.Debug|Any CPU.ActiveCfg = Debug|Any CPU
		{0D485571-3BA4-41BF-B820-DDD47814A151}.Debug|Any CPU.Build.0 = Debug|Any CPU
		{0D485571-3BA4-41BF-B820-DDD47814A151}.Debug|x86.ActiveCfg = Debug|Any CPU
		{0D485571-3BA4-41BF-B820-DDD47814A151}.Release|Any CPU.ActiveCfg = Release|Any CPU
		{0D485571-3BA4-41BF-B820-DDD47814A151}.Release|Any CPU.Build.0 = Release|Any CPU
		{0D485571-3BA4-41BF-B820-DDD47814A151}.Release|x86.ActiveCfg = Release|Any CPU
		{817904D9-9789-4E13-8270-0B414FB7B179}.Debug|Any CPU.ActiveCfg = Debug|Any CPU
		{817904D9-9789-4E13-8270-0B414FB7B179}.Debug|Any CPU.Build.0 = Debug|Any CPU
		{817904D9-9789-4E13-8270-0B414FB7B179}.Debug|x86.ActiveCfg = Debug|Any CPU
		{817904D9-9789-4E13-8270-0B414FB7B179}.Release|Any CPU.ActiveCfg = Release|Any CPU
		{817904D9-9789-4E13-8270-0B414FB7B179}.Release|Any CPU.Build.0 = Release|Any CPU
		{817904D9-9789-4E13-8270-0B414FB7B179}.Release|x86.ActiveCfg = Release|Any CPU
		{AB4C9D21-B0C3-4D88-93A5-8F7BE26CFD99}.Debug|Any CPU.ActiveCfg = Debug|Any CPU
		{AB4C9D21-B0C3-4D88-93A5-8F7BE26CFD99}.Debug|Any CPU.Build.0 = Debug|Any CPU
		{AB4C9D21-B0C3-4D88-93A5-8F7BE26CFD99}.Debug|x86.ActiveCfg = Debug|Any CPU
		{AB4C9D21-B0C3-4D88-93A5-8F7BE26CFD99}.Release|Any CPU.ActiveCfg = Release|Any CPU
		{AB4C9D21-B0C3-4D88-93A5-8F7BE26CFD99}.Release|Any CPU.Build.0 = Release|Any CPU
		{AB4C9D21-B0C3-4D88-93A5-8F7BE26CFD99}.Release|x86.ActiveCfg = Release|Any CPU
		{986E8714-7A8B-4CBF-B0A1-18D13F0A9EA6}.Debug|Any CPU.ActiveCfg = Debug|Any CPU
		{986E8714-7A8B-4CBF-B0A1-18D13F0A9EA6}.Debug|Any CPU.Build.0 = Debug|Any CPU
		{986E8714-7A8B-4CBF-B0A1-18D13F0A9EA6}.Debug|x86.ActiveCfg = Debug|Any CPU
		{986E8714-7A8B-4CBF-B0A1-18D13F0A9EA6}.Release|Any CPU.ActiveCfg = Release|Any CPU
		{986E8714-7A8B-4CBF-B0A1-18D13F0A9EA6}.Release|Any CPU.Build.0 = Release|Any CPU
		{986E8714-7A8B-4CBF-B0A1-18D13F0A9EA6}.Release|x86.ActiveCfg = Release|Any CPU
		{DD833C94-2D9C-42BB-9160-46C092E88BA5}.Debug|Any CPU.ActiveCfg = Debug|Any CPU
		{DD833C94-2D9C-42BB-9160-46C092E88BA5}.Debug|Any CPU.Build.0 = Debug|Any CPU
		{DD833C94-2D9C-42BB-9160-46C092E88BA5}.Debug|x86.ActiveCfg = Debug|Any CPU
		{DD833C94-2D9C-42BB-9160-46C092E88BA5}.Release|Any CPU.ActiveCfg = Release|Any CPU
		{DD833C94-2D9C-42BB-9160-46C092E88BA5}.Release|Any CPU.Build.0 = Release|Any CPU
		{DD833C94-2D9C-42BB-9160-46C092E88BA5}.Release|x86.ActiveCfg = Release|Any CPU
		{03C380DB-251E-4C7A-A589-845B330BF142}.Debug|Any CPU.ActiveCfg = Debug|Win32
		{03C380DB-251E-4C7A-A589-845B330BF142}.Debug|x86.ActiveCfg = Debug|Win32
		{03C380DB-251E-4C7A-A589-845B330BF142}.Debug|x86.Build.0 = Debug|Win32
		{03C380DB-251E-4C7A-A589-845B330BF142}.Release|Any CPU.ActiveCfg = Release|Win32
		{03C380DB-251E-4C7A-A589-845B330BF142}.Release|x86.ActiveCfg = Release|Win32
		{03C380DB-251E-4C7A-A589-845B330BF142}.Release|x86.Build.0 = Release|Win32
		{7D3A1831-3165-4FA8-9FD3-CEA558061983}.Debug|Any CPU.ActiveCfg = Debug|Any CPU
		{7D3A1831-3165-4FA8-9FD3-CEA558061983}.Debug|Any CPU.Build.0 = Debug|Any CPU
		{7D3A1831-3165-4FA8-9FD3-CEA558061983}.Debug|x86.ActiveCfg = Debug|Any CPU
		{7D3A1831-3165-4FA8-9FD3-CEA558061983}.Debug|x86.Build.0 = Debug|Any CPU
		{7D3A1831-3165-4FA8-9FD3-CEA558061983}.Release|Any CPU.ActiveCfg = Release|Any CPU
		{7D3A1831-3165-4FA8-9FD3-CEA558061983}.Release|Any CPU.Build.0 = Release|Any CPU
		{7D3A1831-3165-4FA8-9FD3-CEA558061983}.Release|x86.ActiveCfg = Release|Any CPU
		{7D3A1831-3165-4FA8-9FD3-CEA558061983}.Release|x86.Build.0 = Release|Any CPU
		{CFA2C9DA-59FB-4B20-AA00-74204AFE5C92}.Debug|Any CPU.ActiveCfg = Debug|Any CPU
		{CFA2C9DA-59FB-4B20-AA00-74204AFE5C92}.Debug|Any CPU.Build.0 = Debug|Any CPU
		{CFA2C9DA-59FB-4B20-AA00-74204AFE5C92}.Debug|x86.ActiveCfg = Debug|Any CPU
		{CFA2C9DA-59FB-4B20-AA00-74204AFE5C92}.Debug|x86.Build.0 = Debug|Any CPU
		{CFA2C9DA-59FB-4B20-AA00-74204AFE5C92}.Release|Any CPU.ActiveCfg = Release|Any CPU
		{CFA2C9DA-59FB-4B20-AA00-74204AFE5C92}.Release|Any CPU.Build.0 = Release|Any CPU
		{CFA2C9DA-59FB-4B20-AA00-74204AFE5C92}.Release|x86.ActiveCfg = Release|Any CPU
		{CFA2C9DA-59FB-4B20-AA00-74204AFE5C92}.Release|x86.Build.0 = Release|Any CPU
		{6AED47D7-4573-4A53-A150-3D34987BFFD3}.Debug|Any CPU.ActiveCfg = Debug|Any CPU
		{6AED47D7-4573-4A53-A150-3D34987BFFD3}.Debug|Any CPU.Build.0 = Debug|Any CPU
		{6AED47D7-4573-4A53-A150-3D34987BFFD3}.Debug|x86.ActiveCfg = Debug|Any CPU
		{6AED47D7-4573-4A53-A150-3D34987BFFD3}.Debug|x86.Build.0 = Debug|Any CPU
		{6AED47D7-4573-4A53-A150-3D34987BFFD3}.Release|Any CPU.ActiveCfg = Release|Any CPU
		{6AED47D7-4573-4A53-A150-3D34987BFFD3}.Release|Any CPU.Build.0 = Release|Any CPU
		{6AED47D7-4573-4A53-A150-3D34987BFFD3}.Release|x86.ActiveCfg = Release|Any CPU
		{6AED47D7-4573-4A53-A150-3D34987BFFD3}.Release|x86.Build.0 = Release|Any CPU
		{53F3A33D-B688-40A7-96BB-B42DBDA618CF}.Debug|Any CPU.ActiveCfg = Debug|Any CPU
		{53F3A33D-B688-40A7-96BB-B42DBDA618CF}.Debug|Any CPU.Build.0 = Debug|Any CPU
		{53F3A33D-B688-40A7-96BB-B42DBDA618CF}.Debug|x86.ActiveCfg = Debug|Any CPU
		{53F3A33D-B688-40A7-96BB-B42DBDA618CF}.Debug|x86.Build.0 = Debug|Any CPU
		{53F3A33D-B688-40A7-96BB-B42DBDA618CF}.Release|Any CPU.ActiveCfg = Release|Any CPU
		{53F3A33D-B688-40A7-96BB-B42DBDA618CF}.Release|Any CPU.Build.0 = Release|Any CPU
		{53F3A33D-B688-40A7-96BB-B42DBDA618CF}.Release|x86.ActiveCfg = Release|Any CPU
		{53F3A33D-B688-40A7-96BB-B42DBDA618CF}.Release|x86.Build.0 = Release|Any CPU
		{C030682F-96B4-4849-8061-CBC40A08BDBD}.Debug|Any CPU.ActiveCfg = Debug|Any CPU
		{C030682F-96B4-4849-8061-CBC40A08BDBD}.Debug|Any CPU.Build.0 = Debug|Any CPU
		{C030682F-96B4-4849-8061-CBC40A08BDBD}.Debug|x86.ActiveCfg = Debug|Any CPU
		{C030682F-96B4-4849-8061-CBC40A08BDBD}.Debug|x86.Build.0 = Debug|Any CPU
		{C030682F-96B4-4849-8061-CBC40A08BDBD}.Release|Any CPU.ActiveCfg = Release|Any CPU
		{C030682F-96B4-4849-8061-CBC40A08BDBD}.Release|Any CPU.Build.0 = Release|Any CPU
		{C030682F-96B4-4849-8061-CBC40A08BDBD}.Release|x86.ActiveCfg = Release|Any CPU
		{C030682F-96B4-4849-8061-CBC40A08BDBD}.Release|x86.Build.0 = Release|Any CPU
		{DE529C21-06B3-4CF8-AD2E-E5A190B0FA3D}.Debug|Any CPU.ActiveCfg = Debug|Any CPU
		{DE529C21-06B3-4CF8-AD2E-E5A190B0FA3D}.Debug|Any CPU.Build.0 = Debug|Any CPU
		{DE529C21-06B3-4CF8-AD2E-E5A190B0FA3D}.Debug|x86.ActiveCfg = Debug|Any CPU
		{DE529C21-06B3-4CF8-AD2E-E5A190B0FA3D}.Debug|x86.Build.0 = Debug|Any CPU
		{DE529C21-06B3-4CF8-AD2E-E5A190B0FA3D}.Release|Any CPU.ActiveCfg = Release|Any CPU
		{DE529C21-06B3-4CF8-AD2E-E5A190B0FA3D}.Release|Any CPU.Build.0 = Release|Any CPU
		{DE529C21-06B3-4CF8-AD2E-E5A190B0FA3D}.Release|x86.ActiveCfg = Release|Any CPU
		{DE529C21-06B3-4CF8-AD2E-E5A190B0FA3D}.Release|x86.Build.0 = Release|Any CPU
		{A25C1D13-6B9C-4324-9A22-F54B7BF48B86}.Debug|Any CPU.ActiveCfg = Debug|Any CPU
		{A25C1D13-6B9C-4324-9A22-F54B7BF48B86}.Debug|Any CPU.Build.0 = Debug|Any CPU
		{A25C1D13-6B9C-4324-9A22-F54B7BF48B86}.Debug|x86.ActiveCfg = Debug|Any CPU
		{A25C1D13-6B9C-4324-9A22-F54B7BF48B86}.Debug|x86.Build.0 = Debug|Any CPU
		{A25C1D13-6B9C-4324-9A22-F54B7BF48B86}.Release|Any CPU.ActiveCfg = Release|Any CPU
		{A25C1D13-6B9C-4324-9A22-F54B7BF48B86}.Release|Any CPU.Build.0 = Release|Any CPU
		{A25C1D13-6B9C-4324-9A22-F54B7BF48B86}.Release|x86.ActiveCfg = Release|Any CPU
		{A25C1D13-6B9C-4324-9A22-F54B7BF48B86}.Release|x86.Build.0 = Release|Any CPU
	EndGlobalSection
	GlobalSection(SolutionProperties) = preSolution
		HideSolutionNode = FALSE
	EndGlobalSection
	GlobalSection(NestedProjects) = preSolution
		{CC880E6A-03A7-4418-B85F-F9912EB5EB7E} = {35382D8D-C3B7-4545-B5FE-A7CC0D18561B}
		{B1B1D587-ADFC-4333-834D-703D7E35E32F} = {35382D8D-C3B7-4545-B5FE-A7CC0D18561B}
		{CDA5FBFD-C988-4EB8-AD6B-0B6B90D26A14} = {35382D8D-C3B7-4545-B5FE-A7CC0D18561B}
		{244D24DF-9E18-4204-AC48-34E5FACD7079} = {35382D8D-C3B7-4545-B5FE-A7CC0D18561B}
		{760EC149-BF44-4341-9DA9-14A72FF32857} = {35382D8D-C3B7-4545-B5FE-A7CC0D18561B}
		{72D057A0-4780-4218-96BE-1FD09D62F699} = {35382D8D-C3B7-4545-B5FE-A7CC0D18561B}
		{42430700-45CC-4BAE-BFC1-49D192442B89} = {35382D8D-C3B7-4545-B5FE-A7CC0D18561B}
		{FB7A038B-DF3D-454A-9DBB-0B5EDE35088A} = {7B902844-16AD-4F68-A905-8F1467155B77}
		{BFE29E31-94AB-4FFD-94E6-E5169FC15A47} = {7B902844-16AD-4F68-A905-8F1467155B77}
		{C3BE7AE5-879B-440C-97F8-000F22ACE63B} = {7B902844-16AD-4F68-A905-8F1467155B77}
		{2D24E192-9190-4092-8229-CAF0525D87C4} = {F8155127-0ED1-432C-AD48-3F9B3B8193C8}
		{7905ACCC-C454-4E70-B9FA-1715E88C15C5} = {F8155127-0ED1-432C-AD48-3F9B3B8193C8}
		{95029221-D5D9-4D2C-AD10-28199E1D6992} = {F8155127-0ED1-432C-AD48-3F9B3B8193C8}
		{6A556306-8321-434A-807D-5F02B02DC866} = {F8155127-0ED1-432C-AD48-3F9B3B8193C8}
		{B639072C-6A7A-464B-B244-9122B2E578F9} = {7B902844-16AD-4F68-A905-8F1467155B77}
		{57BEEA3C-4164-4C8D-BC42-C26E2823EA87} = {E7258E8F-8DF4-48D4-B5E7-98D3C9BD8AAD}
		{6BCC32B4-2950-4BF7-A731-1A55BA1CF0CC} = {E7258E8F-8DF4-48D4-B5E7-98D3C9BD8AAD}
		{F4BB28B7-3D7D-4E7D-81B4-E43D551F790C} = {E7258E8F-8DF4-48D4-B5E7-98D3C9BD8AAD}
		{D7A42D0C-EDDB-44F2-B03F-481BC19EBDDA} = {E7258E8F-8DF4-48D4-B5E7-98D3C9BD8AAD}
		{48BFD62D-7401-4897-B2E2-C41A3BD6458D} = {E7258E8F-8DF4-48D4-B5E7-98D3C9BD8AAD}
		{D7F069E6-16E6-4988-8196-DB2D1895A825} = {E7258E8F-8DF4-48D4-B5E7-98D3C9BD8AAD}
		{47A06C1D-FC62-4C31-AB63-43F90064DD27} = {FF6DAED1-6BD9-4001-AD5F-8C209F02A571}
		{A2BA0290-9A0D-4B05-A6C3-D2F3E8D5796B} = {E7258E8F-8DF4-48D4-B5E7-98D3C9BD8AAD}
		{5D33F108-649D-4509-98D0-26097E11EBC1} = {FF6DAED1-6BD9-4001-AD5F-8C209F02A571}
		{F9BB00B3-6C3D-42CF-B482-13A1F7F7BF33} = {ED32AD91-EEFE-4C0E-9408-B08564C3101C}
		{2986BD41-86EE-4E79-A3CC-2C256CD6054C} = {ED32AD91-EEFE-4C0E-9408-B08564C3101C}
		{F61CD221-1D0C-4BA1-B13F-00DE83B12441} = {ED32AD91-EEFE-4C0E-9408-B08564C3101C}
		{5C36B7FC-BB77-457A-A5BF-6125F5F5289E} = {ED32AD91-EEFE-4C0E-9408-B08564C3101C}
		{83AE930D-9CFC-489D-A179-DE6FA31F2182} = {ED32AD91-EEFE-4C0E-9408-B08564C3101C}
		{024E5864-05F5-4AC4-A3ED-8BD03A10EC89} = {ED32AD91-EEFE-4C0E-9408-B08564C3101C}
		{C164C6BC-2133-433F-ACFA-44466B7730D7} = {ED32AD91-EEFE-4C0E-9408-B08564C3101C}
		{926AFF3D-323B-4741-9C1A-BDD4696E4CDB} = {48B78B40-760E-4D1B-8D37-0BFF11F0B968}
		{0D485571-3BA4-41BF-B820-DDD47814A151} = {48B78B40-760E-4D1B-8D37-0BFF11F0B968}
		{817904D9-9789-4E13-8270-0B414FB7B179} = {48B78B40-760E-4D1B-8D37-0BFF11F0B968}
		{AB4C9D21-B0C3-4D88-93A5-8F7BE26CFD99} = {48B78B40-760E-4D1B-8D37-0BFF11F0B968}
		{986E8714-7A8B-4CBF-B0A1-18D13F0A9EA6} = {48B78B40-760E-4D1B-8D37-0BFF11F0B968}
		{DD833C94-2D9C-42BB-9160-46C092E88BA5} = {48B78B40-760E-4D1B-8D37-0BFF11F0B968}
		{03C380DB-251E-4C7A-A589-845B330BF142} = {494299C7-443D-46C4-BF60-FB00D15C83DB}
		{7D3A1831-3165-4FA8-9FD3-CEA558061983} = {494299C7-443D-46C4-BF60-FB00D15C83DB}
		{CFA2C9DA-59FB-4B20-AA00-74204AFE5C92} = {494299C7-443D-46C4-BF60-FB00D15C83DB}
		{6AED47D7-4573-4A53-A150-3D34987BFFD3} = {494299C7-443D-46C4-BF60-FB00D15C83DB}
		{53F3A33D-B688-40A7-96BB-B42DBDA618CF} = {12672583-D926-46CB-9BD0-DB056CAB812C}
		{C030682F-96B4-4849-8061-CBC40A08BDBD} = {12672583-D926-46CB-9BD0-DB056CAB812C}
		{DE529C21-06B3-4CF8-AD2E-E5A190B0FA3D} = {39D4C621-6910-4F5D-8DD0-D74716A19917}
		{A25C1D13-6B9C-4324-9A22-F54B7BF48B86} = {39D4C621-6910-4F5D-8DD0-D74716A19917}
	EndGlobalSection
EndGlobal
